
Microsoft Visual Studio Solution File, Format Version 12.00
# Visual Studio Version 16
VisualStudioVersion = 16.0.31729.503
MinimumVisualStudioVersion = 10.0.40219.1
Project("{9A19103F-16F7-4668-BE54-9A1E7A4F7556}") = "MergeSort", "ConsoleApp1\MergeSort.csproj", "{D1EED63D-69D0-46C9-829E-F9C5C7232867}"
EndProject
Global
	GlobalSection(SolutionConfigurationPlatforms) = preSolution
		Debug|Any CPU = Debug|Any CPU
		Release|Any CPU = Release|Any CPU
	EndGlobalSection
	GlobalSection(ProjectConfigurationPlatforms) = postSolution
		{D1EED63D-69D0-46C9-829E-F9C5C7232867}.Debug|Any CPU.ActiveCfg = Debug|Any CPU
		{D1EED63D-69D0-46C9-829E-F9C5C7232867}.Debug|Any CPU.Build.0 = Debug|Any CPU
		{D1EED63D-69D0-46C9-829E-F9C5C7232867}.Release|Any CPU.ActiveCfg = Release|Any CPU
		{D1EED63D-69D0-46C9-829E-F9C5C7232867}.Release|Any CPU.Build.0 = Release|Any CPU
	EndGlobalSection
	GlobalSection(SolutionProperties) = preSolution
		HideSolutionNode = FALSE
	EndGlobalSection
	GlobalSection(ExtensibilityGlobals) = postSolution
		SolutionGuid = {C74FCB07-1D4D-4C52-9094-B1261CE7EE9B}
	EndGlobalSection
EndGlobal
